
Microsoft Visual Studio Solution File, Format Version 12.00
# Visual Studio 15
VisualStudioVersion = 15.0.27428.2002
MinimumVisualStudioVersion = 10.0.40219.1
Project("{8BC9CEB8-8B4A-11D0-8D11-00A0C91BC942}") = "HW1_4", "HW1_4\HW1_4.vcxproj", "{FF0447EC-AFA0-45BE-BA42-5BADEE64403B}"
EndProject
Project("{8BC9CEB8-8B4A-11D0-8D11-00A0C91BC942}") = "HW1_5", "HW1_5\HW1_5.vcxproj", "{889278A3-EB26-4F36-90E9-F524FE8463F3}"
EndProject
Global
	GlobalSection(SolutionConfigurationPlatforms) = preSolution
		Debug|x64 = Debug|x64
		Debug|x86 = Debug|x86
		Release|x64 = Release|x64
		Release|x86 = Release|x86
	EndGlobalSection
	GlobalSection(ProjectConfigurationPlatforms) = postSolution
		{FF0447EC-AFA0-45BE-BA42-5BADEE64403B}.Debug|x64.ActiveCfg = Debug|x64
		{FF0447EC-AFA0-45BE-BA42-5BADEE64403B}.Debug|x64.Build.0 = Debug|x64
		{FF0447EC-AFA0-45BE-BA42-5BADEE64403B}.Debug|x86.ActiveCfg = Debug|Win32
		{FF0447EC-AFA0-45BE-BA42-5BADEE64403B}.Debug|x86.Build.0 = Debug|Win32
		{FF0447EC-AFA0-45BE-BA42-5BADEE64403B}.Release|x64.ActiveCfg = Release|x64
		{FF0447EC-AFA0-45BE-BA42-5BADEE64403B}.Release|x64.Build.0 = Release|x64
		{FF0447EC-AFA0-45BE-BA42-5BADEE64403B}.Release|x86.ActiveCfg = Release|Win32
		{FF0447EC-AFA0-45BE-BA42-5BADEE64403B}.Release|x86.Build.0 = Release|Win32
		{889278A3-EB26-4F36-90E9-F524FE8463F3}.Debug|x64.ActiveCfg = Debug|x64
		{889278A3-EB26-4F36-90E9-F524FE8463F3}.Debug|x64.Build.0 = Debug|x64
		{889278A3-EB26-4F36-90E9-F524FE8463F3}.Debug|x86.ActiveCfg = Debug|Win32
		{889278A3-EB26-4F36-90E9-F524FE8463F3}.Debug|x86.Build.0 = Debug|Win32
		{889278A3-EB26-4F36-90E9-F524FE8463F3}.Release|x64.ActiveCfg = Release|x64
		{889278A3-EB26-4F36-90E9-F524FE8463F3}.Release|x64.Build.0 = Release|x64
		{889278A3-EB26-4F36-90E9-F524FE8463F3}.Release|x86.ActiveCfg = Release|Win32
		{889278A3-EB26-4F36-90E9-F524FE8463F3}.Release|x86.Build.0 = Release|Win32
	EndGlobalSection
	GlobalSection(SolutionProperties) = preSolution
		HideSolutionNode = FALSE
	EndGlobalSection
	GlobalSection(ExtensibilityGlobals) = postSolution
		SolutionGuid = {D3F3B5F7-A88E-452E-8A1F-0310CBDE95FE}
	EndGlobalSection
EndGlobal
