
Microsoft Visual Studio Solution File, Format Version 12.00
# Visual Studio 15
VisualStudioVersion = 15.0.27428.2002
MinimumVisualStudioVersion = 10.0.40219.1
Project("{8BC9CEB8-8B4A-11D0-8D11-00A0C91BC942}") = "HW2_1_1", "HW2_1_1\HW2_1_1.vcxproj", "{176B4103-FE17-4E00-B061-4BAC24998A1E}"
EndProject
Project("{8BC9CEB8-8B4A-11D0-8D11-00A0C91BC942}") = "HW2_1_2", "HW2_1_2\HW2_1_2.vcxproj", "{BC7E5795-A5A6-4A41-A10A-1F97516547B5}"
EndProject
Global
	GlobalSection(SolutionConfigurationPlatforms) = preSolution
		Debug|x64 = Debug|x64
		Debug|x86 = Debug|x86
		Release|x64 = Release|x64
		Release|x86 = Release|x86
	EndGlobalSection
	GlobalSection(ProjectConfigurationPlatforms) = postSolution
		{176B4103-FE17-4E00-B061-4BAC24998A1E}.Debug|x64.ActiveCfg = Debug|x64
		{176B4103-FE17-4E00-B061-4BAC24998A1E}.Debug|x64.Build.0 = Debug|x64
		{176B4103-FE17-4E00-B061-4BAC24998A1E}.Debug|x86.ActiveCfg = Debug|Win32
		{176B4103-FE17-4E00-B061-4BAC24998A1E}.Debug|x86.Build.0 = Debug|Win32
		{176B4103-FE17-4E00-B061-4BAC24998A1E}.Release|x64.ActiveCfg = Release|x64
		{176B4103-FE17-4E00-B061-4BAC24998A1E}.Release|x64.Build.0 = Release|x64
		{176B4103-FE17-4E00-B061-4BAC24998A1E}.Release|x86.ActiveCfg = Release|Win32
		{176B4103-FE17-4E00-B061-4BAC24998A1E}.Release|x86.Build.0 = Release|Win32
		{BC7E5795-A5A6-4A41-A10A-1F97516547B5}.Debug|x64.ActiveCfg = Debug|x64
		{BC7E5795-A5A6-4A41-A10A-1F97516547B5}.Debug|x64.Build.0 = Debug|x64
		{BC7E5795-A5A6-4A41-A10A-1F97516547B5}.Debug|x86.ActiveCfg = Debug|Win32
		{BC7E5795-A5A6-4A41-A10A-1F97516547B5}.Debug|x86.Build.0 = Debug|Win32
		{BC7E5795-A5A6-4A41-A10A-1F97516547B5}.Release|x64.ActiveCfg = Release|x64
		{BC7E5795-A5A6-4A41-A10A-1F97516547B5}.Release|x64.Build.0 = Release|x64
		{BC7E5795-A5A6-4A41-A10A-1F97516547B5}.Release|x86.ActiveCfg = Release|Win32
		{BC7E5795-A5A6-4A41-A10A-1F97516547B5}.Release|x86.Build.0 = Release|Win32
	EndGlobalSection
	GlobalSection(SolutionProperties) = preSolution
		HideSolutionNode = FALSE
	EndGlobalSection
	GlobalSection(ExtensibilityGlobals) = postSolution
		SolutionGuid = {DEA34A1A-D500-4E1C-89CC-574C72C221E6}
	EndGlobalSection
EndGlobal
