
Microsoft Visual Studio Solution File, Format Version 12.00
# Visual Studio 15
VisualStudioVersion = 15.0.27428.2002
MinimumVisualStudioVersion = 10.0.40219.1
Project("{8BC9CEB8-8B4A-11D0-8D11-00A0C91BC942}") = "순환2", "순환2\순환2.vcxproj", "{40AC0B03-C477-48FE-AE28-5145BDC22770}"
EndProject
Project("{8BC9CEB8-8B4A-11D0-8D11-00A0C91BC942}") = "Review2_1_1", "Review2_1_1\Review2_1_1.vcxproj", "{CC5CBB1C-7823-40D2-A28E-861995366EA7}"
EndProject
Project("{8BC9CEB8-8B4A-11D0-8D11-00A0C91BC942}") = "Review2_1_2", "Review2_1_2\Review2_1_2.vcxproj", "{CCE75882-1B3C-42F4-A61F-638E2F4E5356}"
EndProject
Global
	GlobalSection(SolutionConfigurationPlatforms) = preSolution
		Debug|x64 = Debug|x64
		Debug|x86 = Debug|x86
		Release|x64 = Release|x64
		Release|x86 = Release|x86
	EndGlobalSection
	GlobalSection(ProjectConfigurationPlatforms) = postSolution
		{40AC0B03-C477-48FE-AE28-5145BDC22770}.Debug|x64.ActiveCfg = Debug|x64
		{40AC0B03-C477-48FE-AE28-5145BDC22770}.Debug|x64.Build.0 = Debug|x64
		{40AC0B03-C477-48FE-AE28-5145BDC22770}.Debug|x86.ActiveCfg = Debug|Win32
		{40AC0B03-C477-48FE-AE28-5145BDC22770}.Debug|x86.Build.0 = Debug|Win32
		{40AC0B03-C477-48FE-AE28-5145BDC22770}.Release|x64.ActiveCfg = Release|x64
		{40AC0B03-C477-48FE-AE28-5145BDC22770}.Release|x64.Build.0 = Release|x64
		{40AC0B03-C477-48FE-AE28-5145BDC22770}.Release|x86.ActiveCfg = Release|Win32
		{40AC0B03-C477-48FE-AE28-5145BDC22770}.Release|x86.Build.0 = Release|Win32
		{CC5CBB1C-7823-40D2-A28E-861995366EA7}.Debug|x64.ActiveCfg = Debug|x64
		{CC5CBB1C-7823-40D2-A28E-861995366EA7}.Debug|x64.Build.0 = Debug|x64
		{CC5CBB1C-7823-40D2-A28E-861995366EA7}.Debug|x86.ActiveCfg = Debug|Win32
		{CC5CBB1C-7823-40D2-A28E-861995366EA7}.Debug|x86.Build.0 = Debug|Win32
		{CC5CBB1C-7823-40D2-A28E-861995366EA7}.Release|x64.ActiveCfg = Release|x64
		{CC5CBB1C-7823-40D2-A28E-861995366EA7}.Release|x64.Build.0 = Release|x64
		{CC5CBB1C-7823-40D2-A28E-861995366EA7}.Release|x86.ActiveCfg = Release|Win32
		{CC5CBB1C-7823-40D2-A28E-861995366EA7}.Release|x86.Build.0 = Release|Win32
		{CCE75882-1B3C-42F4-A61F-638E2F4E5356}.Debug|x64.ActiveCfg = Debug|x64
		{CCE75882-1B3C-42F4-A61F-638E2F4E5356}.Debug|x64.Build.0 = Debug|x64
		{CCE75882-1B3C-42F4-A61F-638E2F4E5356}.Debug|x86.ActiveCfg = Debug|Win32
		{CCE75882-1B3C-42F4-A61F-638E2F4E5356}.Debug|x86.Build.0 = Debug|Win32
		{CCE75882-1B3C-42F4-A61F-638E2F4E5356}.Release|x64.ActiveCfg = Release|x64
		{CCE75882-1B3C-42F4-A61F-638E2F4E5356}.Release|x64.Build.0 = Release|x64
		{CCE75882-1B3C-42F4-A61F-638E2F4E5356}.Release|x86.ActiveCfg = Release|Win32
		{CCE75882-1B3C-42F4-A61F-638E2F4E5356}.Release|x86.Build.0 = Release|Win32
	EndGlobalSection
	GlobalSection(SolutionProperties) = preSolution
		HideSolutionNode = FALSE
	EndGlobalSection
	GlobalSection(ExtensibilityGlobals) = postSolution
		SolutionGuid = {55D4B96E-0D5D-4B04-8CBF-037402A48C71}
	EndGlobalSection
EndGlobal
